
Microsoft Visual Studio Solution File, Format Version 12.00
# Visual Studio Version 16
VisualStudioVersion = 16.0.30621.155
MinimumVisualStudioVersion = 10.0.40219.1
Project("{9A19103F-16F7-4668-BE54-9A1E7A4F7556}") = "NUnitTestProject1", "NUnitTestProject1\NUnitTestProject1.csproj", "{B72EE52B-AADB-41CC-86E1-6A1CE7A3A256}"
EndProject
Project("{FAE04EC0-301F-11D3-BF4B-00C04F79EFBC}") = "WpfApp1", "WpfApp1\WpfApp1.csproj", "{ABED0E6B-80DF-461E-BD5C-A27F9C636DB4}"
EndProject
Project("{FAE04EC0-301F-11D3-BF4B-00C04F79EFBC}") = "App1", "App1\App1.csproj", "{0AAED4FC-F59B-4AF3-8CE9-61E5CDB0F360}"
EndProject
Project("{FAE04EC0-301F-11D3-BF4B-00C04F79EFBC}") = "WpfApp2", "WpfApp2\WpfApp2.csproj", "{BCA7F6E4-3182-4CE3-8864-E38612710863}"
EndProject
Project("{FAE04EC0-301F-11D3-BF4B-00C04F79EFBC}") = "PaperTest", "PaperTest\PaperTest.csproj", "{51E0229B-A5A0-41D6-B09E-60087F0FD818}"
EndProject
Project("{FAE04EC0-301F-11D3-BF4B-00C04F79EFBC}") = "PaperLib", "PaperLib\PaperLib.csproj", "{FA3B753D-5227-4175-8FD7-CCC1DF8CA563}"
EndProject
Global
	GlobalSection(SolutionConfigurationPlatforms) = preSolution
		Debug|Any CPU = Debug|Any CPU
		Debug|ARM = Debug|ARM
		Debug|x64 = Debug|x64
		Debug|x86 = Debug|x86
		Release|Any CPU = Release|Any CPU
		Release|ARM = Release|ARM
		Release|x64 = Release|x64
		Release|x86 = Release|x86
	EndGlobalSection
	GlobalSection(ProjectConfigurationPlatforms) = postSolution
		{B72EE52B-AADB-41CC-86E1-6A1CE7A3A256}.Debug|Any CPU.ActiveCfg = Debug|Any CPU
		{B72EE52B-AADB-41CC-86E1-6A1CE7A3A256}.Debug|Any CPU.Build.0 = Debug|Any CPU
		{B72EE52B-AADB-41CC-86E1-6A1CE7A3A256}.Debug|ARM.ActiveCfg = Debug|Any CPU
		{B72EE52B-AADB-41CC-86E1-6A1CE7A3A256}.Debug|ARM.Build.0 = Debug|Any CPU
		{B72EE52B-AADB-41CC-86E1-6A1CE7A3A256}.Debug|x64.ActiveCfg = Debug|Any CPU
		{B72EE52B-AADB-41CC-86E1-6A1CE7A3A256}.Debug|x64.Build.0 = Debug|Any CPU
		{B72EE52B-AADB-41CC-86E1-6A1CE7A3A256}.Debug|x86.ActiveCfg = Debug|Any CPU
		{B72EE52B-AADB-41CC-86E1-6A1CE7A3A256}.Debug|x86.Build.0 = Debug|Any CPU
		{B72EE52B-AADB-41CC-86E1-6A1CE7A3A256}.Release|Any CPU.ActiveCfg = Release|Any CPU
		{B72EE52B-AADB-41CC-86E1-6A1CE7A3A256}.Release|Any CPU.Build.0 = Release|Any CPU
		{B72EE52B-AADB-41CC-86E1-6A1CE7A3A256}.Release|ARM.ActiveCfg = Release|Any CPU
		{B72EE52B-AADB-41CC-86E1-6A1CE7A3A256}.Release|ARM.Build.0 = Release|Any CPU
		{B72EE52B-AADB-41CC-86E1-6A1CE7A3A256}.Release|x64.ActiveCfg = Release|Any CPU
		{B72EE52B-AADB-41CC-86E1-6A1CE7A3A256}.Release|x64.Build.0 = Release|Any CPU
		{B72EE52B-AADB-41CC-86E1-6A1CE7A3A256}.Release|x86.ActiveCfg = Release|Any CPU
		{B72EE52B-AADB-41CC-86E1-6A1CE7A3A256}.Release|x86.Build.0 = Release|Any CPU
		{ABED0E6B-80DF-461E-BD5C-A27F9C636DB4}.Debug|Any CPU.ActiveCfg = Debug|Any CPU
		{ABED0E6B-80DF-461E-BD5C-A27F9C636DB4}.Debug|Any CPU.Build.0 = Debug|Any CPU
		{ABED0E6B-80DF-461E-BD5C-A27F9C636DB4}.Debug|ARM.ActiveCfg = Debug|Any CPU
		{ABED0E6B-80DF-461E-BD5C-A27F9C636DB4}.Debug|ARM.Build.0 = Debug|Any CPU
		{ABED0E6B-80DF-461E-BD5C-A27F9C636DB4}.Debug|x64.ActiveCfg = Debug|Any CPU
		{ABED0E6B-80DF-461E-BD5C-A27F9C636DB4}.Debug|x64.Build.0 = Debug|Any CPU
		{ABED0E6B-80DF-461E-BD5C-A27F9C636DB4}.Debug|x86.ActiveCfg = Debug|Any CPU
		{ABED0E6B-80DF-461E-BD5C-A27F9C636DB4}.Debug|x86.Build.0 = Debug|Any CPU
		{ABED0E6B-80DF-461E-BD5C-A27F9C636DB4}.Release|Any CPU.ActiveCfg = Release|Any CPU
		{ABED0E6B-80DF-461E-BD5C-A27F9C636DB4}.Release|Any CPU.Build.0 = Release|Any CPU
		{ABED0E6B-80DF-461E-BD5C-A27F9C636DB4}.Release|ARM.ActiveCfg = Release|Any CPU
		{ABED0E6B-80DF-461E-BD5C-A27F9C636DB4}.Release|ARM.Build.0 = Release|Any CPU
		{ABED0E6B-80DF-461E-BD5C-A27F9C636DB4}.Release|x64.ActiveCfg = Release|Any CPU
		{ABED0E6B-80DF-461E-BD5C-A27F9C636DB4}.Release|x64.Build.0 = Release|Any CPU
		{ABED0E6B-80DF-461E-BD5C-A27F9C636DB4}.Release|x86.ActiveCfg = Release|Any CPU
		{ABED0E6B-80DF-461E-BD5C-A27F9C636DB4}.Release|x86.Build.0 = Release|Any CPU
		{0AAED4FC-F59B-4AF3-8CE9-61E5CDB0F360}.Debug|Any CPU.ActiveCfg = Debug|x86
		{0AAED4FC-F59B-4AF3-8CE9-61E5CDB0F360}.Debug|ARM.ActiveCfg = Debug|ARM
		{0AAED4FC-F59B-4AF3-8CE9-61E5CDB0F360}.Debug|ARM.Build.0 = Debug|ARM
		{0AAED4FC-F59B-4AF3-8CE9-61E5CDB0F360}.Debug|ARM.Deploy.0 = Debug|ARM
		{0AAED4FC-F59B-4AF3-8CE9-61E5CDB0F360}.Debug|x64.ActiveCfg = Debug|x64
		{0AAED4FC-F59B-4AF3-8CE9-61E5CDB0F360}.Debug|x64.Build.0 = Debug|x64
		{0AAED4FC-F59B-4AF3-8CE9-61E5CDB0F360}.Debug|x64.Deploy.0 = Debug|x64
		{0AAED4FC-F59B-4AF3-8CE9-61E5CDB0F360}.Debug|x86.ActiveCfg = Debug|x86
		{0AAED4FC-F59B-4AF3-8CE9-61E5CDB0F360}.Debug|x86.Build.0 = Debug|x86
		{0AAED4FC-F59B-4AF3-8CE9-61E5CDB0F360}.Debug|x86.Deploy.0 = Debug|x86
		{0AAED4FC-F59B-4AF3-8CE9-61E5CDB0F360}.Release|Any CPU.ActiveCfg = Release|x86
		{0AAED4FC-F59B-4AF3-8CE9-61E5CDB0F360}.Release|ARM.ActiveCfg = Release|ARM
		{0AAED4FC-F59B-4AF3-8CE9-61E5CDB0F360}.Release|ARM.Build.0 = Release|ARM
		{0AAED4FC-F59B-4AF3-8CE9-61E5CDB0F360}.Release|ARM.Deploy.0 = Release|ARM
		{0AAED4FC-F59B-4AF3-8CE9-61E5CDB0F360}.Release|x64.ActiveCfg = Release|x64
		{0AAED4FC-F59B-4AF3-8CE9-61E5CDB0F360}.Release|x64.Build.0 = Release|x64
		{0AAED4FC-F59B-4AF3-8CE9-61E5CDB0F360}.Release|x64.Deploy.0 = Release|x64
		{0AAED4FC-F59B-4AF3-8CE9-61E5CDB0F360}.Release|x86.ActiveCfg = Release|x86
		{0AAED4FC-F59B-4AF3-8CE9-61E5CDB0F360}.Release|x86.Build.0 = Release|x86
		{0AAED4FC-F59B-4AF3-8CE9-61E5CDB0F360}.Release|x86.Deploy.0 = Release|x86
		{BCA7F6E4-3182-4CE3-8864-E38612710863}.Debug|Any CPU.ActiveCfg = Debug|Any CPU
		{BCA7F6E4-3182-4CE3-8864-E38612710863}.Debug|Any CPU.Build.0 = Debug|Any CPU
		{BCA7F6E4-3182-4CE3-8864-E38612710863}.Debug|ARM.ActiveCfg = Debug|Any CPU
		{BCA7F6E4-3182-4CE3-8864-E38612710863}.Debug|ARM.Build.0 = Debug|Any CPU
		{BCA7F6E4-3182-4CE3-8864-E38612710863}.Debug|x64.ActiveCfg = Debug|Any CPU
		{BCA7F6E4-3182-4CE3-8864-E38612710863}.Debug|x64.Build.0 = Debug|Any CPU
		{BCA7F6E4-3182-4CE3-8864-E38612710863}.Debug|x86.ActiveCfg = Debug|Any CPU
		{BCA7F6E4-3182-4CE3-8864-E38612710863}.Debug|x86.Build.0 = Debug|Any CPU
		{BCA7F6E4-3182-4CE3-8864-E38612710863}.Release|Any CPU.ActiveCfg = Release|Any CPU
		{BCA7F6E4-3182-4CE3-8864-E38612710863}.Release|Any CPU.Build.0 = Release|Any CPU
		{BCA7F6E4-3182-4CE3-8864-E38612710863}.Release|ARM.ActiveCfg = Release|Any CPU
		{BCA7F6E4-3182-4CE3-8864-E38612710863}.Release|ARM.Build.0 = Release|Any CPU
		{BCA7F6E4-3182-4CE3-8864-E38612710863}.Release|x64.ActiveCfg = Release|Any CPU
		{BCA7F6E4-3182-4CE3-8864-E38612710863}.Release|x64.Build.0 = Release|Any CPU
		{BCA7F6E4-3182-4CE3-8864-E38612710863}.Release|x86.ActiveCfg = Release|Any CPU
		{BCA7F6E4-3182-4CE3-8864-E38612710863}.Release|x86.Build.0 = Release|Any CPU
		{51E0229B-A5A0-41D6-B09E-60087F0FD818}.Debug|Any CPU.ActiveCfg = Debug|Any CPU
		{51E0229B-A5A0-41D6-B09E-60087F0FD818}.Debug|Any CPU.Build.0 = Debug|Any CPU
		{51E0229B-A5A0-41D6-B09E-60087F0FD818}.Debug|ARM.ActiveCfg = Debug|Any CPU
		{51E0229B-A5A0-41D6-B09E-60087F0FD818}.Debug|ARM.Build.0 = Debug|Any CPU
		{51E0229B-A5A0-41D6-B09E-60087F0FD818}.Debug|x64.ActiveCfg = Debug|Any CPU
		{51E0229B-A5A0-41D6-B09E-60087F0FD818}.Debug|x64.Build.0 = Debug|Any CPU
		{51E0229B-A5A0-41D6-B09E-60087F0FD818}.Debug|x86.ActiveCfg = Debug|Any CPU
		{51E0229B-A5A0-41D6-B09E-60087F0FD818}.Debug|x86.Build.0 = Debug|Any CPU
		{51E0229B-A5A0-41D6-B09E-60087F0FD818}.Release|Any CPU.ActiveCfg = Release|Any CPU
		{51E0229B-A5A0-41D6-B09E-60087F0FD818}.Release|Any CPU.Build.0 = Release|Any CPU
		{51E0229B-A5A0-41D6-B09E-60087F0FD818}.Release|ARM.ActiveCfg = Release|Any CPU
		{51E0229B-A5A0-41D6-B09E-60087F0FD818}.Release|ARM.Build.0 = Release|Any CPU
		{51E0229B-A5A0-41D6-B09E-60087F0FD818}.Release|x64.ActiveCfg = Release|Any CPU
		{51E0229B-A5A0-41D6-B09E-60087F0FD818}.Release|x64.Build.0 = Release|Any CPU
		{51E0229B-A5A0-41D6-B09E-60087F0FD818}.Release|x86.ActiveCfg = Release|Any CPU
		{51E0229B-A5A0-41D6-B09E-60087F0FD818}.Release|x86.Build.0 = Release|Any CPU
		{FA3B753D-5227-4175-8FD7-CCC1DF8CA563}.Debug|Any CPU.ActiveCfg = Debug|Any CPU
		{FA3B753D-5227-4175-8FD7-CCC1DF8CA563}.Debug|Any CPU.Build.0 = Debug|Any CPU
		{FA3B753D-5227-4175-8FD7-CCC1DF8CA563}.Debug|ARM.ActiveCfg = Debug|Any CPU
		{FA3B753D-5227-4175-8FD7-CCC1DF8CA563}.Debug|ARM.Build.0 = Debug|Any CPU
		{FA3B753D-5227-4175-8FD7-CCC1DF8CA563}.Debug|x64.ActiveCfg = Debug|Any CPU
		{FA3B753D-5227-4175-8FD7-CCC1DF8CA563}.Debug|x64.Build.0 = Debug|Any CPU
		{FA3B753D-5227-4175-8FD7-CCC1DF8CA563}.Debug|x86.ActiveCfg = Debug|Any CPU
		{FA3B753D-5227-4175-8FD7-CCC1DF8CA563}.Debug|x86.Build.0 = Debug|Any CPU
		{FA3B753D-5227-4175-8FD7-CCC1DF8CA563}.Release|Any CPU.ActiveCfg = Release|Any CPU
		{FA3B753D-5227-4175-8FD7-CCC1DF8CA563}.Release|Any CPU.Build.0 = Release|Any CPU
		{FA3B753D-5227-4175-8FD7-CCC1DF8CA563}.Release|ARM.ActiveCfg = Release|Any CPU
		{FA3B753D-5227-4175-8FD7-CCC1DF8CA563}.Release|ARM.Build.0 = Release|Any CPU
		{FA3B753D-5227-4175-8FD7-CCC1DF8CA563}.Release|x64.ActiveCfg = Release|Any CPU
		{FA3B753D-5227-4175-8FD7-CCC1DF8CA563}.Release|x64.Build.0 = Release|Any CPU
		{FA3B753D-5227-4175-8FD7-CCC1DF8CA563}.Release|x86.ActiveCfg = Release|Any CPU
		{FA3B753D-5227-4175-8FD7-CCC1DF8CA563}.Release|x86.Build.0 = Release|Any CPU
	EndGlobalSection
	GlobalSection(SolutionProperties) = preSolution
		HideSolutionNode = FALSE
	EndGlobalSection
	GlobalSection(ExtensibilityGlobals) = postSolution
		SolutionGuid = {57934B14-5E15-4AD1-A1B2-D5F11ED653BD}
	EndGlobalSection
EndGlobal
